
Microsoft Visual Studio Solution File, Format Version 12.00
# Visual Studio Version 17
VisualStudioVersion = 17.9.34616.47
MinimumVisualStudioVersion = 10.0.40219.1
Project("{8BC9CEB8-8B4A-11D0-8D11-00A0C91BC942}") = "pertama 1", "pertama 1\pertama 1.vcxproj", "{669B2D05-501B-4E5E-B424-28A8AE47DCC9}"
EndProject
Project("{8BC9CEB8-8B4A-11D0-8D11-00A0C91BC942}") = "kedua 2", "kedua 2\kedua 2.vcxproj", "{39D6328F-6ACF-42C1-9BB2-18CA187CED7D}"
EndProject
Project("{8BC9CEB8-8B4A-11D0-8D11-00A0C91BC942}") = "agregasi", "agregasi\agregasi.vcxproj", "{9327454D-1BEF-408C-92B5-EBF00C5BB905}"
EndProject
Project("{8BC9CEB8-8B4A-11D0-8D11-00A0C91BC942}") = "asosiasi", "asosiasi\asosiasi.vcxproj", "{BF904F39-94B9-4A3E-B6A9-51AFB8B20327}"
EndProject
Global
	GlobalSection(SolutionConfigurationPlatforms) = preSolution
		Debug|x64 = Debug|x64
		Debug|x86 = Debug|x86
		Release|x64 = Release|x64
		Release|x86 = Release|x86
	EndGlobalSection
	GlobalSection(ProjectConfigurationPlatforms) = postSolution
		{669B2D05-501B-4E5E-B424-28A8AE47DCC9}.Debug|x64.ActiveCfg = Debug|x64
		{669B2D05-501B-4E5E-B424-28A8AE47DCC9}.Debug|x64.Build.0 = Debug|x64
		{669B2D05-501B-4E5E-B424-28A8AE47DCC9}.Debug|x86.ActiveCfg = Debug|Win32
		{669B2D05-501B-4E5E-B424-28A8AE47DCC9}.Debug|x86.Build.0 = Debug|Win32
		{669B2D05-501B-4E5E-B424-28A8AE47DCC9}.Release|x64.ActiveCfg = Release|x64
		{669B2D05-501B-4E5E-B424-28A8AE47DCC9}.Release|x64.Build.0 = Release|x64
		{669B2D05-501B-4E5E-B424-28A8AE47DCC9}.Release|x86.ActiveCfg = Release|Win32
		{669B2D05-501B-4E5E-B424-28A8AE47DCC9}.Release|x86.Build.0 = Release|Win32
		{39D6328F-6ACF-42C1-9BB2-18CA187CED7D}.Debug|x64.ActiveCfg = Debug|x64
		{39D6328F-6ACF-42C1-9BB2-18CA187CED7D}.Debug|x64.Build.0 = Debug|x64
		{39D6328F-6ACF-42C1-9BB2-18CA187CED7D}.Debug|x86.ActiveCfg = Debug|Win32
		{39D6328F-6ACF-42C1-9BB2-18CA187CED7D}.Debug|x86.Build.0 = Debug|Win32
		{39D6328F-6ACF-42C1-9BB2-18CA187CED7D}.Release|x64.ActiveCfg = Release|x64
		{39D6328F-6ACF-42C1-9BB2-18CA187CED7D}.Release|x64.Build.0 = Release|x64
		{39D6328F-6ACF-42C1-9BB2-18CA187CED7D}.Release|x86.ActiveCfg = Release|Win32
		{39D6328F-6ACF-42C1-9BB2-18CA187CED7D}.Release|x86.Build.0 = Release|Win32
		{9327454D-1BEF-408C-92B5-EBF00C5BB905}.Debug|x64.ActiveCfg = Debug|x64
		{9327454D-1BEF-408C-92B5-EBF00C5BB905}.Debug|x64.Build.0 = Debug|x64
		{9327454D-1BEF-408C-92B5-EBF00C5BB905}.Debug|x86.ActiveCfg = Debug|Win32
		{9327454D-1BEF-408C-92B5-EBF00C5BB905}.Debug|x86.Build.0 = Debug|Win32
		{9327454D-1BEF-408C-92B5-EBF00C5BB905}.Release|x64.ActiveCfg = Release|x64
		{9327454D-1BEF-408C-92B5-EBF00C5BB905}.Release|x64.Build.0 = Release|x64
		{9327454D-1BEF-408C-92B5-EBF00C5BB905}.Release|x86.ActiveCfg = Release|Win32
		{9327454D-1BEF-408C-92B5-EBF00C5BB905}.Release|x86.Build.0 = Release|Win32
		{BF904F39-94B9-4A3E-B6A9-51AFB8B20327}.Debug|x64.ActiveCfg = Debug|x64
		{BF904F39-94B9-4A3E-B6A9-51AFB8B20327}.Debug|x64.Build.0 = Debug|x64
		{BF904F39-94B9-4A3E-B6A9-51AFB8B20327}.Debug|x86.ActiveCfg = Debug|Win32
		{BF904F39-94B9-4A3E-B6A9-51AFB8B20327}.Debug|x86.Build.0 = Debug|Win32
		{BF904F39-94B9-4A3E-B6A9-51AFB8B20327}.Release|x64.ActiveCfg = Release|x64
		{BF904F39-94B9-4A3E-B6A9-51AFB8B20327}.Release|x64.Build.0 = Release|x64
		{BF904F39-94B9-4A3E-B6A9-51AFB8B20327}.Release|x86.ActiveCfg = Release|Win32
		{BF904F39-94B9-4A3E-B6A9-51AFB8B20327}.Release|x86.Build.0 = Release|Win32
	EndGlobalSection
	GlobalSection(SolutionProperties) = preSolution
		HideSolutionNode = FALSE
	EndGlobalSection
	GlobalSection(ExtensibilityGlobals) = postSolution
		SolutionGuid = {D93109D3-5112-409A-AC7E-14606912228A}
	EndGlobalSection
EndGlobal
